
Microsoft Visual Studio Solution File, Format Version 12.00
# Visual Studio Version 16
VisualStudioVersion = 16.0.30523.141
MinimumVisualStudioVersion = 15.0.26124.0
Project("{2150E333-8FDC-42A3-9474-1A3956D46DE8}") = "src", "src", "{5E5CB6B4-6F95-45A4-B980-ACA4EF46AA96}"
EndProject
Project("{9A19103F-16F7-4668-BE54-9A1E7A4F7556}") = "SimpleFactory", "src\SimpleFactory\SimpleFactory.csproj", "{E85E2A69-4809-4647-802A-7BE1AD2D6BE3}"
EndProject
Project("{9A19103F-16F7-4668-BE54-9A1E7A4F7556}") = "Template", "src\Template\Template.csproj", "{FF9D566B-C92C-435B-85B6-EB11102CC117}"
EndProject
Project("{9A19103F-16F7-4668-BE54-9A1E7A4F7556}") = "Iterator", "src\Iterator\Iterator.csproj", "{F57FFEBB-91C6-40CA-8D30-C77F86938759}"
EndProject
Project("{9A19103F-16F7-4668-BE54-9A1E7A4F7556}") = "Singleton", "src\Singleton\Singleton.csproj", "{0A18C5AA-E2C1-4CC0-BE3E-DD8F3F9295A8}"
EndProject
Global
	GlobalSection(SolutionConfigurationPlatforms) = preSolution
		Debug|Any CPU = Debug|Any CPU
		Debug|x64 = Debug|x64
		Debug|x86 = Debug|x86
		Release|Any CPU = Release|Any CPU
		Release|x64 = Release|x64
		Release|x86 = Release|x86
	EndGlobalSection
	GlobalSection(ProjectConfigurationPlatforms) = postSolution
		{E85E2A69-4809-4647-802A-7BE1AD2D6BE3}.Debug|Any CPU.ActiveCfg = Debug|Any CPU
		{E85E2A69-4809-4647-802A-7BE1AD2D6BE3}.Debug|Any CPU.Build.0 = Debug|Any CPU
		{E85E2A69-4809-4647-802A-7BE1AD2D6BE3}.Debug|x64.ActiveCfg = Debug|Any CPU
		{E85E2A69-4809-4647-802A-7BE1AD2D6BE3}.Debug|x64.Build.0 = Debug|Any CPU
		{E85E2A69-4809-4647-802A-7BE1AD2D6BE3}.Debug|x86.ActiveCfg = Debug|Any CPU
		{E85E2A69-4809-4647-802A-7BE1AD2D6BE3}.Debug|x86.Build.0 = Debug|Any CPU
		{E85E2A69-4809-4647-802A-7BE1AD2D6BE3}.Release|Any CPU.ActiveCfg = Release|Any CPU
		{E85E2A69-4809-4647-802A-7BE1AD2D6BE3}.Release|Any CPU.Build.0 = Release|Any CPU
		{E85E2A69-4809-4647-802A-7BE1AD2D6BE3}.Release|x64.ActiveCfg = Release|Any CPU
		{E85E2A69-4809-4647-802A-7BE1AD2D6BE3}.Release|x64.Build.0 = Release|Any CPU
		{E85E2A69-4809-4647-802A-7BE1AD2D6BE3}.Release|x86.ActiveCfg = Release|Any CPU
		{E85E2A69-4809-4647-802A-7BE1AD2D6BE3}.Release|x86.Build.0 = Release|Any CPU
		{FF9D566B-C92C-435B-85B6-EB11102CC117}.Debug|Any CPU.ActiveCfg = Debug|Any CPU
		{FF9D566B-C92C-435B-85B6-EB11102CC117}.Debug|Any CPU.Build.0 = Debug|Any CPU
		{FF9D566B-C92C-435B-85B6-EB11102CC117}.Debug|x64.ActiveCfg = Debug|Any CPU
		{FF9D566B-C92C-435B-85B6-EB11102CC117}.Debug|x64.Build.0 = Debug|Any CPU
		{FF9D566B-C92C-435B-85B6-EB11102CC117}.Debug|x86.ActiveCfg = Debug|Any CPU
		{FF9D566B-C92C-435B-85B6-EB11102CC117}.Debug|x86.Build.0 = Debug|Any CPU
		{FF9D566B-C92C-435B-85B6-EB11102CC117}.Release|Any CPU.ActiveCfg = Release|Any CPU
		{FF9D566B-C92C-435B-85B6-EB11102CC117}.Release|Any CPU.Build.0 = Release|Any CPU
		{FF9D566B-C92C-435B-85B6-EB11102CC117}.Release|x64.ActiveCfg = Release|Any CPU
		{FF9D566B-C92C-435B-85B6-EB11102CC117}.Release|x64.Build.0 = Release|Any CPU
		{FF9D566B-C92C-435B-85B6-EB11102CC117}.Release|x86.ActiveCfg = Release|Any CPU
		{FF9D566B-C92C-435B-85B6-EB11102CC117}.Release|x86.Build.0 = Release|Any CPU
		{F57FFEBB-91C6-40CA-8D30-C77F86938759}.Debug|Any CPU.ActiveCfg = Debug|Any CPU
		{F57FFEBB-91C6-40CA-8D30-C77F86938759}.Debug|Any CPU.Build.0 = Debug|Any CPU
		{F57FFEBB-91C6-40CA-8D30-C77F86938759}.Debug|x64.ActiveCfg = Debug|Any CPU
		{F57FFEBB-91C6-40CA-8D30-C77F86938759}.Debug|x64.Build.0 = Debug|Any CPU
		{F57FFEBB-91C6-40CA-8D30-C77F86938759}.Debug|x86.ActiveCfg = Debug|Any CPU
		{F57FFEBB-91C6-40CA-8D30-C77F86938759}.Debug|x86.Build.0 = Debug|Any CPU
		{F57FFEBB-91C6-40CA-8D30-C77F86938759}.Release|Any CPU.ActiveCfg = Release|Any CPU
		{F57FFEBB-91C6-40CA-8D30-C77F86938759}.Release|Any CPU.Build.0 = Release|Any CPU
		{F57FFEBB-91C6-40CA-8D30-C77F86938759}.Release|x64.ActiveCfg = Release|Any CPU
		{F57FFEBB-91C6-40CA-8D30-C77F86938759}.Release|x64.Build.0 = Release|Any CPU
		{F57FFEBB-91C6-40CA-8D30-C77F86938759}.Release|x86.ActiveCfg = Release|Any CPU
		{F57FFEBB-91C6-40CA-8D30-C77F86938759}.Release|x86.Build.0 = Release|Any CPU
		{0A18C5AA-E2C1-4CC0-BE3E-DD8F3F9295A8}.Debug|Any CPU.ActiveCfg = Debug|Any CPU
		{0A18C5AA-E2C1-4CC0-BE3E-DD8F3F9295A8}.Debug|Any CPU.Build.0 = Debug|Any CPU
		{0A18C5AA-E2C1-4CC0-BE3E-DD8F3F9295A8}.Debug|x64.ActiveCfg = Debug|Any CPU
		{0A18C5AA-E2C1-4CC0-BE3E-DD8F3F9295A8}.Debug|x64.Build.0 = Debug|Any CPU
		{0A18C5AA-E2C1-4CC0-BE3E-DD8F3F9295A8}.Debug|x86.ActiveCfg = Debug|Any CPU
		{0A18C5AA-E2C1-4CC0-BE3E-DD8F3F9295A8}.Debug|x86.Build.0 = Debug|Any CPU
		{0A18C5AA-E2C1-4CC0-BE3E-DD8F3F9295A8}.Release|Any CPU.ActiveCfg = Release|Any CPU
		{0A18C5AA-E2C1-4CC0-BE3E-DD8F3F9295A8}.Release|Any CPU.Build.0 = Release|Any CPU
		{0A18C5AA-E2C1-4CC0-BE3E-DD8F3F9295A8}.Release|x64.ActiveCfg = Release|Any CPU
		{0A18C5AA-E2C1-4CC0-BE3E-DD8F3F9295A8}.Release|x64.Build.0 = Release|Any CPU
		{0A18C5AA-E2C1-4CC0-BE3E-DD8F3F9295A8}.Release|x86.ActiveCfg = Release|Any CPU
		{0A18C5AA-E2C1-4CC0-BE3E-DD8F3F9295A8}.Release|x86.Build.0 = Release|Any CPU
	EndGlobalSection
	GlobalSection(SolutionProperties) = preSolution
		HideSolutionNode = FALSE
	EndGlobalSection
	GlobalSection(NestedProjects) = preSolution
		{E85E2A69-4809-4647-802A-7BE1AD2D6BE3} = {5E5CB6B4-6F95-45A4-B980-ACA4EF46AA96}
		{FF9D566B-C92C-435B-85B6-EB11102CC117} = {5E5CB6B4-6F95-45A4-B980-ACA4EF46AA96}
		{F57FFEBB-91C6-40CA-8D30-C77F86938759} = {5E5CB6B4-6F95-45A4-B980-ACA4EF46AA96}
		{0A18C5AA-E2C1-4CC0-BE3E-DD8F3F9295A8} = {5E5CB6B4-6F95-45A4-B980-ACA4EF46AA96}
	EndGlobalSection
	GlobalSection(ExtensibilityGlobals) = postSolution
		SolutionGuid = {3BFBC05E-B7C2-427D-8D82-2CE7AC22F752}
	EndGlobalSection
EndGlobal
