
Microsoft Visual Studio Solution File, Format Version 12.00
# Visual Studio Version 16
VisualStudioVersion = 16.0.30523.141
MinimumVisualStudioVersion = 15.0.26124.0
Project("{2150E333-8FDC-42A3-9474-1A3956D46DE8}") = "src", "src", "{5E5CB6B4-6F95-45A4-B980-ACA4EF46AA96}"
EndProject
Project("{9A19103F-16F7-4668-BE54-9A1E7A4F7556}") = "SimpleFactory", "src\SimpleFactory\SimpleFactory.csproj", "{E85E2A69-4809-4647-802A-7BE1AD2D6BE3}"
EndProject
Project("{9A19103F-16F7-4668-BE54-9A1E7A4F7556}") = "Template", "src\Template\Template.csproj", "{FF9D566B-C92C-435B-85B6-EB11102CC117}"
EndProject
Project("{9A19103F-16F7-4668-BE54-9A1E7A4F7556}") = "Iterator", "src\Iterator\Iterator.csproj", "{F57FFEBB-91C6-40CA-8D30-C77F86938759}"
EndProject
Project("{9A19103F-16F7-4668-BE54-9A1E7A4F7556}") = "Singleton", "src\Singleton\Singleton.csproj", "{0A18C5AA-E2C1-4CC0-BE3E-DD8F3F9295A8}"
EndProject
Project("{9A19103F-16F7-4668-BE54-9A1E7A4F7556}") = "Prototype", "src\Prototype\Prototype.csproj", "{425D53B1-5707-449F-A542-E6EF79F8CFFF}"
EndProject
Project("{9A19103F-16F7-4668-BE54-9A1E7A4F7556}") = "Proxy", "src\Proxy\Proxy.csproj", "{BE37540E-DFF1-4B44-BCD8-E80ED784AF70}"
EndProject
Project("{9A19103F-16F7-4668-BE54-9A1E7A4F7556}") = "Filter", "src\Filter\Filter.csproj", "{1BE86DB6-8A2A-46E3-AA17-FEB16AAAA363}"
EndProject
Project("{9A19103F-16F7-4668-BE54-9A1E7A4F7556}") = "Strategy", "src\Strategy\Strategy.csproj", "{622127C9-86DD-4989-ADC7-5427F6638608}"
EndProject
Project("{9A19103F-16F7-4668-BE54-9A1E7A4F7556}") = "Observer", "src\Observer\Observer.csproj", "{137994E4-F799-42BE-921D-17A6E52A0A75}"
EndProject
Project("{9A19103F-16F7-4668-BE54-9A1E7A4F7556}") = "Builder", "src\Builder\Builder.csproj", "{0D4428B0-3684-44F1-A6E1-76BD97B85AFA}"
EndProject
Project("{9A19103F-16F7-4668-BE54-9A1E7A4F7556}") = "Mediator", "src\Mediator\Mediator.csproj", "{B3C422FD-ED02-458F-89AD-033A54B68D76}"
EndProject
Project("{9A19103F-16F7-4668-BE54-9A1E7A4F7556}") = "AbstractFactory", "src\AbstractFactory\AbstractFactory.csproj", "{54E91761-C981-4D62-8620-508443B50319}"
EndProject
Global
	GlobalSection(SolutionConfigurationPlatforms) = preSolution
		Debug|Any CPU = Debug|Any CPU
		Debug|x64 = Debug|x64
		Debug|x86 = Debug|x86
		Release|Any CPU = Release|Any CPU
		Release|x64 = Release|x64
		Release|x86 = Release|x86
	EndGlobalSection
	GlobalSection(ProjectConfigurationPlatforms) = postSolution
		{E85E2A69-4809-4647-802A-7BE1AD2D6BE3}.Debug|Any CPU.ActiveCfg = Debug|Any CPU
		{E85E2A69-4809-4647-802A-7BE1AD2D6BE3}.Debug|Any CPU.Build.0 = Debug|Any CPU
		{E85E2A69-4809-4647-802A-7BE1AD2D6BE3}.Debug|x64.ActiveCfg = Debug|Any CPU
		{E85E2A69-4809-4647-802A-7BE1AD2D6BE3}.Debug|x64.Build.0 = Debug|Any CPU
		{E85E2A69-4809-4647-802A-7BE1AD2D6BE3}.Debug|x86.ActiveCfg = Debug|Any CPU
		{E85E2A69-4809-4647-802A-7BE1AD2D6BE3}.Debug|x86.Build.0 = Debug|Any CPU
		{E85E2A69-4809-4647-802A-7BE1AD2D6BE3}.Release|Any CPU.ActiveCfg = Release|Any CPU
		{E85E2A69-4809-4647-802A-7BE1AD2D6BE3}.Release|Any CPU.Build.0 = Release|Any CPU
		{E85E2A69-4809-4647-802A-7BE1AD2D6BE3}.Release|x64.ActiveCfg = Release|Any CPU
		{E85E2A69-4809-4647-802A-7BE1AD2D6BE3}.Release|x64.Build.0 = Release|Any CPU
		{E85E2A69-4809-4647-802A-7BE1AD2D6BE3}.Release|x86.ActiveCfg = Release|Any CPU
		{E85E2A69-4809-4647-802A-7BE1AD2D6BE3}.Release|x86.Build.0 = Release|Any CPU
		{FF9D566B-C92C-435B-85B6-EB11102CC117}.Debug|Any CPU.ActiveCfg = Debug|Any CPU
		{FF9D566B-C92C-435B-85B6-EB11102CC117}.Debug|Any CPU.Build.0 = Debug|Any CPU
		{FF9D566B-C92C-435B-85B6-EB11102CC117}.Debug|x64.ActiveCfg = Debug|Any CPU
		{FF9D566B-C92C-435B-85B6-EB11102CC117}.Debug|x64.Build.0 = Debug|Any CPU
		{FF9D566B-C92C-435B-85B6-EB11102CC117}.Debug|x86.ActiveCfg = Debug|Any CPU
		{FF9D566B-C92C-435B-85B6-EB11102CC117}.Debug|x86.Build.0 = Debug|Any CPU
		{FF9D566B-C92C-435B-85B6-EB11102CC117}.Release|Any CPU.ActiveCfg = Release|Any CPU
		{FF9D566B-C92C-435B-85B6-EB11102CC117}.Release|Any CPU.Build.0 = Release|Any CPU
		{FF9D566B-C92C-435B-85B6-EB11102CC117}.Release|x64.ActiveCfg = Release|Any CPU
		{FF9D566B-C92C-435B-85B6-EB11102CC117}.Release|x64.Build.0 = Release|Any CPU
		{FF9D566B-C92C-435B-85B6-EB11102CC117}.Release|x86.ActiveCfg = Release|Any CPU
		{FF9D566B-C92C-435B-85B6-EB11102CC117}.Release|x86.Build.0 = Release|Any CPU
		{F57FFEBB-91C6-40CA-8D30-C77F86938759}.Debug|Any CPU.ActiveCfg = Debug|Any CPU
		{F57FFEBB-91C6-40CA-8D30-C77F86938759}.Debug|Any CPU.Build.0 = Debug|Any CPU
		{F57FFEBB-91C6-40CA-8D30-C77F86938759}.Debug|x64.ActiveCfg = Debug|Any CPU
		{F57FFEBB-91C6-40CA-8D30-C77F86938759}.Debug|x64.Build.0 = Debug|Any CPU
		{F57FFEBB-91C6-40CA-8D30-C77F86938759}.Debug|x86.ActiveCfg = Debug|Any CPU
		{F57FFEBB-91C6-40CA-8D30-C77F86938759}.Debug|x86.Build.0 = Debug|Any CPU
		{F57FFEBB-91C6-40CA-8D30-C77F86938759}.Release|Any CPU.ActiveCfg = Release|Any CPU
		{F57FFEBB-91C6-40CA-8D30-C77F86938759}.Release|Any CPU.Build.0 = Release|Any CPU
		{F57FFEBB-91C6-40CA-8D30-C77F86938759}.Release|x64.ActiveCfg = Release|Any CPU
		{F57FFEBB-91C6-40CA-8D30-C77F86938759}.Release|x64.Build.0 = Release|Any CPU
		{F57FFEBB-91C6-40CA-8D30-C77F86938759}.Release|x86.ActiveCfg = Release|Any CPU
		{F57FFEBB-91C6-40CA-8D30-C77F86938759}.Release|x86.Build.0 = Release|Any CPU
		{0A18C5AA-E2C1-4CC0-BE3E-DD8F3F9295A8}.Debug|Any CPU.ActiveCfg = Debug|Any CPU
		{0A18C5AA-E2C1-4CC0-BE3E-DD8F3F9295A8}.Debug|Any CPU.Build.0 = Debug|Any CPU
		{0A18C5AA-E2C1-4CC0-BE3E-DD8F3F9295A8}.Debug|x64.ActiveCfg = Debug|Any CPU
		{0A18C5AA-E2C1-4CC0-BE3E-DD8F3F9295A8}.Debug|x64.Build.0 = Debug|Any CPU
		{0A18C5AA-E2C1-4CC0-BE3E-DD8F3F9295A8}.Debug|x86.ActiveCfg = Debug|Any CPU
		{0A18C5AA-E2C1-4CC0-BE3E-DD8F3F9295A8}.Debug|x86.Build.0 = Debug|Any CPU
		{0A18C5AA-E2C1-4CC0-BE3E-DD8F3F9295A8}.Release|Any CPU.ActiveCfg = Release|Any CPU
		{0A18C5AA-E2C1-4CC0-BE3E-DD8F3F9295A8}.Release|Any CPU.Build.0 = Release|Any CPU
		{0A18C5AA-E2C1-4CC0-BE3E-DD8F3F9295A8}.Release|x64.ActiveCfg = Release|Any CPU
		{0A18C5AA-E2C1-4CC0-BE3E-DD8F3F9295A8}.Release|x64.Build.0 = Release|Any CPU
		{0A18C5AA-E2C1-4CC0-BE3E-DD8F3F9295A8}.Release|x86.ActiveCfg = Release|Any CPU
		{0A18C5AA-E2C1-4CC0-BE3E-DD8F3F9295A8}.Release|x86.Build.0 = Release|Any CPU
		{425D53B1-5707-449F-A542-E6EF79F8CFFF}.Debug|Any CPU.ActiveCfg = Debug|Any CPU
		{425D53B1-5707-449F-A542-E6EF79F8CFFF}.Debug|Any CPU.Build.0 = Debug|Any CPU
		{425D53B1-5707-449F-A542-E6EF79F8CFFF}.Debug|x64.ActiveCfg = Debug|Any CPU
		{425D53B1-5707-449F-A542-E6EF79F8CFFF}.Debug|x64.Build.0 = Debug|Any CPU
		{425D53B1-5707-449F-A542-E6EF79F8CFFF}.Debug|x86.ActiveCfg = Debug|Any CPU
		{425D53B1-5707-449F-A542-E6EF79F8CFFF}.Debug|x86.Build.0 = Debug|Any CPU
		{425D53B1-5707-449F-A542-E6EF79F8CFFF}.Release|Any CPU.ActiveCfg = Release|Any CPU
		{425D53B1-5707-449F-A542-E6EF79F8CFFF}.Release|Any CPU.Build.0 = Release|Any CPU
		{425D53B1-5707-449F-A542-E6EF79F8CFFF}.Release|x64.ActiveCfg = Release|Any CPU
		{425D53B1-5707-449F-A542-E6EF79F8CFFF}.Release|x64.Build.0 = Release|Any CPU
		{425D53B1-5707-449F-A542-E6EF79F8CFFF}.Release|x86.ActiveCfg = Release|Any CPU
		{425D53B1-5707-449F-A542-E6EF79F8CFFF}.Release|x86.Build.0 = Release|Any CPU
		{BE37540E-DFF1-4B44-BCD8-E80ED784AF70}.Debug|Any CPU.ActiveCfg = Debug|Any CPU
		{BE37540E-DFF1-4B44-BCD8-E80ED784AF70}.Debug|Any CPU.Build.0 = Debug|Any CPU
		{BE37540E-DFF1-4B44-BCD8-E80ED784AF70}.Debug|x64.ActiveCfg = Debug|Any CPU
		{BE37540E-DFF1-4B44-BCD8-E80ED784AF70}.Debug|x64.Build.0 = Debug|Any CPU
		{BE37540E-DFF1-4B44-BCD8-E80ED784AF70}.Debug|x86.ActiveCfg = Debug|Any CPU
		{BE37540E-DFF1-4B44-BCD8-E80ED784AF70}.Debug|x86.Build.0 = Debug|Any CPU
		{BE37540E-DFF1-4B44-BCD8-E80ED784AF70}.Release|Any CPU.ActiveCfg = Release|Any CPU
		{BE37540E-DFF1-4B44-BCD8-E80ED784AF70}.Release|Any CPU.Build.0 = Release|Any CPU
		{BE37540E-DFF1-4B44-BCD8-E80ED784AF70}.Release|x64.ActiveCfg = Release|Any CPU
		{BE37540E-DFF1-4B44-BCD8-E80ED784AF70}.Release|x64.Build.0 = Release|Any CPU
		{BE37540E-DFF1-4B44-BCD8-E80ED784AF70}.Release|x86.ActiveCfg = Release|Any CPU
		{BE37540E-DFF1-4B44-BCD8-E80ED784AF70}.Release|x86.Build.0 = Release|Any CPU
		{1BE86DB6-8A2A-46E3-AA17-FEB16AAAA363}.Debug|Any CPU.ActiveCfg = Debug|Any CPU
		{1BE86DB6-8A2A-46E3-AA17-FEB16AAAA363}.Debug|Any CPU.Build.0 = Debug|Any CPU
		{1BE86DB6-8A2A-46E3-AA17-FEB16AAAA363}.Debug|x64.ActiveCfg = Debug|Any CPU
		{1BE86DB6-8A2A-46E3-AA17-FEB16AAAA363}.Debug|x64.Build.0 = Debug|Any CPU
		{1BE86DB6-8A2A-46E3-AA17-FEB16AAAA363}.Debug|x86.ActiveCfg = Debug|Any CPU
		{1BE86DB6-8A2A-46E3-AA17-FEB16AAAA363}.Debug|x86.Build.0 = Debug|Any CPU
		{1BE86DB6-8A2A-46E3-AA17-FEB16AAAA363}.Release|Any CPU.ActiveCfg = Release|Any CPU
		{1BE86DB6-8A2A-46E3-AA17-FEB16AAAA363}.Release|Any CPU.Build.0 = Release|Any CPU
		{1BE86DB6-8A2A-46E3-AA17-FEB16AAAA363}.Release|x64.ActiveCfg = Release|Any CPU
		{1BE86DB6-8A2A-46E3-AA17-FEB16AAAA363}.Release|x64.Build.0 = Release|Any CPU
		{1BE86DB6-8A2A-46E3-AA17-FEB16AAAA363}.Release|x86.ActiveCfg = Release|Any CPU
		{1BE86DB6-8A2A-46E3-AA17-FEB16AAAA363}.Release|x86.Build.0 = Release|Any CPU
		{622127C9-86DD-4989-ADC7-5427F6638608}.Debug|Any CPU.ActiveCfg = Debug|Any CPU
		{622127C9-86DD-4989-ADC7-5427F6638608}.Debug|Any CPU.Build.0 = Debug|Any CPU
		{622127C9-86DD-4989-ADC7-5427F6638608}.Debug|x64.ActiveCfg = Debug|Any CPU
		{622127C9-86DD-4989-ADC7-5427F6638608}.Debug|x64.Build.0 = Debug|Any CPU
		{622127C9-86DD-4989-ADC7-5427F6638608}.Debug|x86.ActiveCfg = Debug|Any CPU
		{622127C9-86DD-4989-ADC7-5427F6638608}.Debug|x86.Build.0 = Debug|Any CPU
		{622127C9-86DD-4989-ADC7-5427F6638608}.Release|Any CPU.ActiveCfg = Release|Any CPU
		{622127C9-86DD-4989-ADC7-5427F6638608}.Release|Any CPU.Build.0 = Release|Any CPU
		{622127C9-86DD-4989-ADC7-5427F6638608}.Release|x64.ActiveCfg = Release|Any CPU
		{622127C9-86DD-4989-ADC7-5427F6638608}.Release|x64.Build.0 = Release|Any CPU
		{622127C9-86DD-4989-ADC7-5427F6638608}.Release|x86.ActiveCfg = Release|Any CPU
		{622127C9-86DD-4989-ADC7-5427F6638608}.Release|x86.Build.0 = Release|Any CPU
		{137994E4-F799-42BE-921D-17A6E52A0A75}.Debug|Any CPU.ActiveCfg = Debug|Any CPU
		{137994E4-F799-42BE-921D-17A6E52A0A75}.Debug|Any CPU.Build.0 = Debug|Any CPU
		{137994E4-F799-42BE-921D-17A6E52A0A75}.Debug|x64.ActiveCfg = Debug|Any CPU
		{137994E4-F799-42BE-921D-17A6E52A0A75}.Debug|x64.Build.0 = Debug|Any CPU
		{137994E4-F799-42BE-921D-17A6E52A0A75}.Debug|x86.ActiveCfg = Debug|Any CPU
		{137994E4-F799-42BE-921D-17A6E52A0A75}.Debug|x86.Build.0 = Debug|Any CPU
		{137994E4-F799-42BE-921D-17A6E52A0A75}.Release|Any CPU.ActiveCfg = Release|Any CPU
		{137994E4-F799-42BE-921D-17A6E52A0A75}.Release|Any CPU.Build.0 = Release|Any CPU
		{137994E4-F799-42BE-921D-17A6E52A0A75}.Release|x64.ActiveCfg = Release|Any CPU
		{137994E4-F799-42BE-921D-17A6E52A0A75}.Release|x64.Build.0 = Release|Any CPU
		{137994E4-F799-42BE-921D-17A6E52A0A75}.Release|x86.ActiveCfg = Release|Any CPU
		{137994E4-F799-42BE-921D-17A6E52A0A75}.Release|x86.Build.0 = Release|Any CPU
		{0D4428B0-3684-44F1-A6E1-76BD97B85AFA}.Debug|Any CPU.ActiveCfg = Debug|Any CPU
		{0D4428B0-3684-44F1-A6E1-76BD97B85AFA}.Debug|Any CPU.Build.0 = Debug|Any CPU
		{0D4428B0-3684-44F1-A6E1-76BD97B85AFA}.Debug|x64.ActiveCfg = Debug|Any CPU
		{0D4428B0-3684-44F1-A6E1-76BD97B85AFA}.Debug|x64.Build.0 = Debug|Any CPU
		{0D4428B0-3684-44F1-A6E1-76BD97B85AFA}.Debug|x86.ActiveCfg = Debug|Any CPU
		{0D4428B0-3684-44F1-A6E1-76BD97B85AFA}.Debug|x86.Build.0 = Debug|Any CPU
		{0D4428B0-3684-44F1-A6E1-76BD97B85AFA}.Release|Any CPU.ActiveCfg = Release|Any CPU
		{0D4428B0-3684-44F1-A6E1-76BD97B85AFA}.Release|Any CPU.Build.0 = Release|Any CPU
		{0D4428B0-3684-44F1-A6E1-76BD97B85AFA}.Release|x64.ActiveCfg = Release|Any CPU
		{0D4428B0-3684-44F1-A6E1-76BD97B85AFA}.Release|x64.Build.0 = Release|Any CPU
		{0D4428B0-3684-44F1-A6E1-76BD97B85AFA}.Release|x86.ActiveCfg = Release|Any CPU
		{0D4428B0-3684-44F1-A6E1-76BD97B85AFA}.Release|x86.Build.0 = Release|Any CPU
		{B3C422FD-ED02-458F-89AD-033A54B68D76}.Debug|Any CPU.ActiveCfg = Debug|Any CPU
		{B3C422FD-ED02-458F-89AD-033A54B68D76}.Debug|Any CPU.Build.0 = Debug|Any CPU
		{B3C422FD-ED02-458F-89AD-033A54B68D76}.Debug|x64.ActiveCfg = Debug|Any CPU
		{B3C422FD-ED02-458F-89AD-033A54B68D76}.Debug|x64.Build.0 = Debug|Any CPU
		{B3C422FD-ED02-458F-89AD-033A54B68D76}.Debug|x86.ActiveCfg = Debug|Any CPU
		{B3C422FD-ED02-458F-89AD-033A54B68D76}.Debug|x86.Build.0 = Debug|Any CPU
		{B3C422FD-ED02-458F-89AD-033A54B68D76}.Release|Any CPU.ActiveCfg = Release|Any CPU
		{B3C422FD-ED02-458F-89AD-033A54B68D76}.Release|Any CPU.Build.0 = Release|Any CPU
		{B3C422FD-ED02-458F-89AD-033A54B68D76}.Release|x64.ActiveCfg = Release|Any CPU
		{B3C422FD-ED02-458F-89AD-033A54B68D76}.Release|x64.Build.0 = Release|Any CPU
		{B3C422FD-ED02-458F-89AD-033A54B68D76}.Release|x86.ActiveCfg = Release|Any CPU
		{B3C422FD-ED02-458F-89AD-033A54B68D76}.Release|x86.Build.0 = Release|Any CPU
		{54E91761-C981-4D62-8620-508443B50319}.Debug|Any CPU.ActiveCfg = Debug|Any CPU
		{54E91761-C981-4D62-8620-508443B50319}.Debug|Any CPU.Build.0 = Debug|Any CPU
		{54E91761-C981-4D62-8620-508443B50319}.Debug|x64.ActiveCfg = Debug|Any CPU
		{54E91761-C981-4D62-8620-508443B50319}.Debug|x64.Build.0 = Debug|Any CPU
		{54E91761-C981-4D62-8620-508443B50319}.Debug|x86.ActiveCfg = Debug|Any CPU
		{54E91761-C981-4D62-8620-508443B50319}.Debug|x86.Build.0 = Debug|Any CPU
		{54E91761-C981-4D62-8620-508443B50319}.Release|Any CPU.ActiveCfg = Release|Any CPU
		{54E91761-C981-4D62-8620-508443B50319}.Release|Any CPU.Build.0 = Release|Any CPU
		{54E91761-C981-4D62-8620-508443B50319}.Release|x64.ActiveCfg = Release|Any CPU
		{54E91761-C981-4D62-8620-508443B50319}.Release|x64.Build.0 = Release|Any CPU
		{54E91761-C981-4D62-8620-508443B50319}.Release|x86.ActiveCfg = Release|Any CPU
		{54E91761-C981-4D62-8620-508443B50319}.Release|x86.Build.0 = Release|Any CPU
	EndGlobalSection
	GlobalSection(SolutionProperties) = preSolution
		HideSolutionNode = FALSE
	EndGlobalSection
	GlobalSection(NestedProjects) = preSolution
		{E85E2A69-4809-4647-802A-7BE1AD2D6BE3} = {5E5CB6B4-6F95-45A4-B980-ACA4EF46AA96}
		{FF9D566B-C92C-435B-85B6-EB11102CC117} = {5E5CB6B4-6F95-45A4-B980-ACA4EF46AA96}
		{F57FFEBB-91C6-40CA-8D30-C77F86938759} = {5E5CB6B4-6F95-45A4-B980-ACA4EF46AA96}
		{0A18C5AA-E2C1-4CC0-BE3E-DD8F3F9295A8} = {5E5CB6B4-6F95-45A4-B980-ACA4EF46AA96}
		{425D53B1-5707-449F-A542-E6EF79F8CFFF} = {5E5CB6B4-6F95-45A4-B980-ACA4EF46AA96}
		{BE37540E-DFF1-4B44-BCD8-E80ED784AF70} = {5E5CB6B4-6F95-45A4-B980-ACA4EF46AA96}
		{1BE86DB6-8A2A-46E3-AA17-FEB16AAAA363} = {5E5CB6B4-6F95-45A4-B980-ACA4EF46AA96}
		{622127C9-86DD-4989-ADC7-5427F6638608} = {5E5CB6B4-6F95-45A4-B980-ACA4EF46AA96}
		{137994E4-F799-42BE-921D-17A6E52A0A75} = {5E5CB6B4-6F95-45A4-B980-ACA4EF46AA96}
		{0D4428B0-3684-44F1-A6E1-76BD97B85AFA} = {5E5CB6B4-6F95-45A4-B980-ACA4EF46AA96}
		{B3C422FD-ED02-458F-89AD-033A54B68D76} = {5E5CB6B4-6F95-45A4-B980-ACA4EF46AA96}
		{54E91761-C981-4D62-8620-508443B50319} = {5E5CB6B4-6F95-45A4-B980-ACA4EF46AA96}
	EndGlobalSection
	GlobalSection(ExtensibilityGlobals) = postSolution
		SolutionGuid = {3BFBC05E-B7C2-427D-8D82-2CE7AC22F752}
	EndGlobalSection
EndGlobal
